
Microsoft Visual Studio Solution File, Format Version 12.00
# Visual Studio 14
VisualStudioVersion = 14.0.23107.0
MinimumVisualStudioVersion = 10.0.40219.1
Project("{FAE04EC0-301F-11D3-BF4B-00C04F79EFBC}") = "Enum.Performance.Library", "Enum.Performance.Library\Enum.Performance.Library.csproj", "{B7049C1D-C51B-4BC6-B811-945F77E9D627}"
EndProject
Project("{FAE04EC0-301F-11D3-BF4B-00C04F79EFBC}") = "Enum.Performance.UnitTests", "Enum.Performance.UnitTests\Enum.Performance.UnitTests.csproj", "{0E211632-33C4-4679-BFB1-C4873BF9D6BD}"
EndProject
Global
	GlobalSection(SolutionConfigurationPlatforms) = preSolution
		Debug|Any CPU = Debug|Any CPU
		Release|Any CPU = Release|Any CPU
	EndGlobalSection
	GlobalSection(ProjectConfigurationPlatforms) = postSolution
		{B7049C1D-C51B-4BC6-B811-945F77E9D627}.Debug|Any CPU.ActiveCfg = Debug|Any CPU
		{B7049C1D-C51B-4BC6-B811-945F77E9D627}.Debug|Any CPU.Build.0 = Debug|Any CPU
		{B7049C1D-C51B-4BC6-B811-945F77E9D627}.Release|Any CPU.ActiveCfg = Release|Any CPU
		{B7049C1D-C51B-4BC6-B811-945F77E9D627}.Release|Any CPU.Build.0 = Release|Any CPU
		{0E211632-33C4-4679-BFB1-C4873BF9D6BD}.Debug|Any CPU.ActiveCfg = Debug|Any CPU
		{0E211632-33C4-4679-BFB1-C4873BF9D6BD}.Debug|Any CPU.Build.0 = Debug|Any CPU
		{0E211632-33C4-4679-BFB1-C4873BF9D6BD}.Release|Any CPU.ActiveCfg = Release|Any CPU
		{0E211632-33C4-4679-BFB1-C4873BF9D6BD}.Release|Any CPU.Build.0 = Release|Any CPU
	EndGlobalSection
	GlobalSection(SolutionProperties) = preSolution
		HideSolutionNode = FALSE
	EndGlobalSection
EndGlobal
